
Microsoft Visual Studio Solution File, Format Version 12.00
# Visual Studio 15
VisualStudioVersion = 15.0.26730.10
MinimumVisualStudioVersion = 10.0.40219.1
Project("{2150E333-8FDC-42A3-9474-1A3956D46DE8}") = "Solution Items", "Solution Items", "{C3402294-C352-4F8A-85A9-7D4DCBF34011}"
	ProjectSection(SolutionItems) = preProject
		communicate_apns.md = communicate_apns.md
		CONTRIBUTING.md = CONTRIBUTING.md
		generate_auth_key.md = generate_auth_key.md
		http2handler.md = http2handler.md
		LICENSE = LICENSE
		README.md = README.md
	EndProjectSection
EndProject
Project("{9A19103F-16F7-4668-BE54-9A1E7A4F7556}") = "DotNet.Push.c11", "src\DotNet.Push.c11\DotNet.Push.c11.csproj", "{6FD13866-4E3D-4F74-86D3-053D32179770}"
EndProject
Project("{9A19103F-16F7-4668-BE54-9A1E7A4F7556}") = "DotNet.Push.Sample.c11", "src\DotNet.Push.Sample.c11\DotNet.Push.Sample.c11.csproj", "{5316B6B8-C840-4639-A849-10544AA82D77}"
EndProject
Project("{2150E333-8FDC-42A3-9474-1A3956D46DE8}") = "logo-files", "logo-files", "{3A3ABA83-DE36-49DB-A3BA-92078F3E14E4}"
	ProjectSection(SolutionItems) = preProject
		logo-files\dotnet.push.ico = logo-files\dotnet.push.ico
		logo-files\dotnet.push.png = logo-files\dotnet.push.png
	EndProjectSection
EndProject
Global
	GlobalSection(SolutionConfigurationPlatforms) = preSolution
		Debug|Any CPU = Debug|Any CPU
		Release|Any CPU = Release|Any CPU
	EndGlobalSection
	GlobalSection(ProjectConfigurationPlatforms) = postSolution
		{6FD13866-4E3D-4F74-86D3-053D32179770}.Debug|Any CPU.ActiveCfg = Debug|Any CPU
		{6FD13866-4E3D-4F74-86D3-053D32179770}.Debug|Any CPU.Build.0 = Debug|Any CPU
		{6FD13866-4E3D-4F74-86D3-053D32179770}.Release|Any CPU.ActiveCfg = Release|Any CPU
		{6FD13866-4E3D-4F74-86D3-053D32179770}.Release|Any CPU.Build.0 = Release|Any CPU
		{5316B6B8-C840-4639-A849-10544AA82D77}.Debug|Any CPU.ActiveCfg = Debug|Any CPU
		{5316B6B8-C840-4639-A849-10544AA82D77}.Debug|Any CPU.Build.0 = Debug|Any CPU
		{5316B6B8-C840-4639-A849-10544AA82D77}.Release|Any CPU.ActiveCfg = Release|Any CPU
		{5316B6B8-C840-4639-A849-10544AA82D77}.Release|Any CPU.Build.0 = Release|Any CPU
	EndGlobalSection
	GlobalSection(SolutionProperties) = preSolution
		HideSolutionNode = FALSE
	EndGlobalSection
	GlobalSection(ExtensibilityGlobals) = postSolution
		SolutionGuid = {4E052D75-3356-49BF-AF20-7E050DA8F4A1}
	EndGlobalSection
EndGlobal
